Microsoft Visual Studio Solution File, Format Version 11.00
# Visual Studio 2008

Project("{8B521339-95E9-2A6C-14C3-479069260A9F}") = "Project TUSSLE", "Assembly-CSharp.csproj", "{F6018608-3E83-533B-5075-78A1DAB1E6D9}"
EndProject
Global
	GlobalSection(SolutionConfigurationPlatforms) = preSolution
		Debug|Any CPU = Debug|Any CPU
		Release|Any CPU = Release|Any CPU
	EndGlobalSection
	GlobalSection(ProjectConfigurationPlatforms) = postSolution
		{F6018608-3E83-533B-5075-78A1DAB1E6D9}.Debug|Any CPU.ActiveCfg = Debug|Any CPU
		{F6018608-3E83-533B-5075-78A1DAB1E6D9}.Debug|Any CPU.Build.0 = Debug|Any CPU
		{F6018608-3E83-533B-5075-78A1DAB1E6D9}.Release|Any CPU.ActiveCfg = Release|Any CPU
		{F6018608-3E83-533B-5075-78A1DAB1E6D9}.Release|Any CPU.Build.0 = Release|Any CPU
	EndGlobalSection
	GlobalSection(SolutionProperties) = preSolution
		HideSolutionNode = FALSE
	EndGlobalSection
	GlobalSection(MonoDevelopProperties) = preSolution
		StartupItem = Assembly-CSharp.csproj
	EndGlobalSection
EndGlobal
